
Microsoft Visual Studio Solution File, Format Version 12.00
# Visual Studio 2012
Project("{FAE04EC0-301F-11D3-BF4B-00C04F79EFBC}") = "AndroidApp", "AndroidApp\AndroidApp.csproj", "{F4C7EC40-3A08-4965-8EA2-887D4E8CA57B}"
EndProject
Project("{FAE04EC0-301F-11D3-BF4B-00C04F79EFBC}") = "WebApp", "WebApp\WebApp.csproj", "{D7357EDA-B7D1-4EDB-A624-F9FE24691CDB}"
	ProjectSection(ProjectDependencies) = postProject
		{3212A316-7EFF-4976-B6B9-32EF8D26ACD1} = {3212A316-7EFF-4976-B6B9-32EF8D26ACD1}
	EndProjectSection
EndProject
Project("{FAE04EC0-301F-11D3-BF4B-00C04F79EFBC}") = "ServiceApp", "ServiceApp\ServiceApp.csproj", "{3212A316-7EFF-4976-B6B9-32EF8D26ACD1}"
EndProject
Global
	GlobalSection(SolutionConfigurationPlatforms) = preSolution
		Debug|Any CPU = Debug|Any CPU
		Release|Any CPU = Release|Any CPU
	EndGlobalSection
	GlobalSection(ProjectConfigurationPlatforms) = postSolution
		{F4C7EC40-3A08-4965-8EA2-887D4E8CA57B}.Debug|Any CPU.ActiveCfg = Debug|Any CPU
		{F4C7EC40-3A08-4965-8EA2-887D4E8CA57B}.Debug|Any CPU.Build.0 = Debug|Any CPU
		{F4C7EC40-3A08-4965-8EA2-887D4E8CA57B}.Debug|Any CPU.Deploy.0 = Debug|Any CPU
		{F4C7EC40-3A08-4965-8EA2-887D4E8CA57B}.Release|Any CPU.ActiveCfg = Release|Any CPU
		{F4C7EC40-3A08-4965-8EA2-887D4E8CA57B}.Release|Any CPU.Build.0 = Release|Any CPU
		{F4C7EC40-3A08-4965-8EA2-887D4E8CA57B}.Release|Any CPU.Deploy.0 = Release|Any CPU
		{D7357EDA-B7D1-4EDB-A624-F9FE24691CDB}.Debug|Any CPU.ActiveCfg = Debug|Any CPU
		{D7357EDA-B7D1-4EDB-A624-F9FE24691CDB}.Debug|Any CPU.Build.0 = Debug|Any CPU
		{D7357EDA-B7D1-4EDB-A624-F9FE24691CDB}.Release|Any CPU.ActiveCfg = Release|Any CPU
		{D7357EDA-B7D1-4EDB-A624-F9FE24691CDB}.Release|Any CPU.Build.0 = Release|Any CPU
		{3212A316-7EFF-4976-B6B9-32EF8D26ACD1}.Debug|Any CPU.ActiveCfg = Debug|Any CPU
		{3212A316-7EFF-4976-B6B9-32EF8D26ACD1}.Debug|Any CPU.Build.0 = Debug|Any CPU
		{3212A316-7EFF-4976-B6B9-32EF8D26ACD1}.Release|Any CPU.ActiveCfg = Release|Any CPU
		{3212A316-7EFF-4976-B6B9-32EF8D26ACD1}.Release|Any CPU.Build.0 = Release|Any CPU
	EndGlobalSection
	GlobalSection(SolutionProperties) = preSolution
		HideSolutionNode = FALSE
	EndGlobalSection
EndGlobal
